{
  "projects": [
    {
      "projectId": "4wuR6djweT7vAchr7evKHM",
      "version": "latest",
      "dependencies": {
        "caTPwKxj5ZrD9LQ7DMdK4Z": "2.2.1"
      },
      "lang": "js",
      "fileLocks": [
        {
          "type": "globalVariant",
          "assetId": "Ni-CroJ2mX1",
          "checksum": "ecd08f6b20b9036d01ad1cd22de1381e"
        },
        {
          "type": "renderModule",
          "assetId": "gMJdaty2uR",
          "checksum": "a63b74ce186734a934e30b82a97a31e6"
        },
        {
          "type": "cssRules",
          "assetId": "gMJdaty2uR",
          "checksum": "a63b74ce186734a934e30b82a97a31e6"
        },
        {
          "type": "icon",
          "assetId": "jDgJpgLRtKe",
          "checksum": "da93118d3ad2b03a629344a58b2cfff3"
        },
        {
          "type": "icon",
          "assetId": "MpVavnGhqJz",
          "checksum": "f5134e6e96dbeb5bb700e3462ca01e38"
        },
        {
          "type": "icon",
          "assetId": "r24BLGAZrIL",
          "checksum": "ed217592dc27fd58c205d0067edb2d2e"
        },
        {
          "type": "icon",
          "assetId": "yvYX_C0m_5y",
          "checksum": "7e6f109de4b144dc69a616b49ffa6b22"
        },
        {
          "type": "image",
          "assetId": "UvdDI0cZF1S",
          "checksum": "65a0b6c9d826017a3fe4569e9484c48b"
        },
        {
          "type": "image",
          "assetId": "-LYwI6-ft",
          "checksum": "0c1942b0a1efde5aaad0114b89aeb9d2"
        },
        {
          "type": "image",
          "assetId": "Cpo9VQxn3",
          "checksum": "9ea984d7131d94a98d204bdb6c7025b7"
        },
        {
          "type": "image",
          "assetId": "uGSYJdva9",
          "checksum": "50c31276a2f5140cd9a1976c215e2bb1"
        },
        {
          "type": "globalVariant",
          "assetId": "8NrdZIEYga",
          "checksum": "e46b908fff8f7c3e7f69677d6bb8eaf7"
        },
        {
          "type": "renderModule",
          "assetId": "gIUt2Bx9WL",
          "checksum": "454427f4fc632b8cf2a159fbd4cb5e63"
        },
        {
          "type": "cssRules",
          "assetId": "gIUt2Bx9WL",
          "checksum": "454427f4fc632b8cf2a159fbd4cb5e63"
        },
        {
          "type": "image",
          "assetId": "6kFBo9592",
          "checksum": "a141ce51954504dd4e33c825eb938972"
        },
        {
          "type": "image",
          "assetId": "24Y8Wrfts",
          "checksum": "c4b09895fdeab7c3dda3243677578ff2"
        },
        {
          "type": "image",
          "assetId": "bcJobtBq6",
          "checksum": "288b139440551287fe3dd2cda80327f0"
        },
        {
          "type": "image",
          "assetId": "JJ77iaeLq",
          "checksum": "936bd5e5dc762f248269a8004b491aca"
        },
        {
          "type": "image",
          "assetId": "gZII_VqJT",
          "checksum": "21392ba2b3a2eaf2667e499a8c4beda1"
        },
        {
          "type": "image",
          "assetId": "7qP3Htifb",
          "checksum": "44074dee12d7745a6bdd9c5a4d2315e6"
        },
        {
          "type": "image",
          "assetId": "mErsyhoK2",
          "checksum": "1640f6dca732f58e7bbce9a77fb58070"
        },
        {
          "type": "image",
          "assetId": "ppfYOatdC",
          "checksum": "9d578a104f96beeade7a6ad879100e17"
        },
        {
          "type": "image",
          "assetId": "8RIXhhD3q",
          "checksum": "f68c38dc1ebb0bbac04ff093045df24e"
        },
        {
          "type": "image",
          "assetId": "P2DI2GLZ5",
          "checksum": "b057ff511dd26f5892b2d843cf91465e"
        },
        {
          "type": "image",
          "assetId": "NrFdbwzfE",
          "checksum": "b393a741196742f005c82f9329f313bb"
        },
        {
          "type": "icon",
          "assetId": "-qdmY5VIlr",
          "checksum": "54e6be736d76a7d0d109663789ea89b0"
        },
        {
          "type": "icon",
          "assetId": "yzOIY_O4mm",
          "checksum": "0b5b30cd104a0085b20f6e99d7802be4"
        },
        {
          "type": "icon",
          "assetId": "Hui9IKs21",
          "checksum": "d78c298e723bb2fe23ebc2a6d8175e89"
        },
        {
          "type": "image",
          "assetId": "G-e6ON6U-",
          "checksum": "6fa445001fc9ab6161b98e54cf6bb543"
        },
        {
          "type": "image",
          "assetId": "qtBuWDoeU",
          "checksum": "1496a4d15cd9f987ef62b0ba1a36237a"
        },
        {
          "type": "renderModule",
          "assetId": "Ymczlosi7b",
          "checksum": "c4db8634e1818afda6632afb79bd3189"
        },
        {
          "type": "cssRules",
          "assetId": "Ymczlosi7b",
          "checksum": "c4db8634e1818afda6632afb79bd3189"
        },
        {
          "type": "image",
          "assetId": "ub7nXqU0-",
          "checksum": "71b6f6b89654fbd4d4762f5e02178d31"
        },
        {
          "type": "image",
          "assetId": "Dab89qjx3",
          "checksum": "b1a12c85a406b9112fb349004dd686c9"
        },
        {
          "type": "image",
          "assetId": "2LkWtE-b8",
          "checksum": "a30f0bbfa8b2077fcdc077e2bdb1f2c1"
        },
        {
          "type": "image",
          "assetId": "tprbD8t9W",
          "checksum": "5b5e526c167dbe364c35513217521a55"
        },
        {
          "type": "image",
          "assetId": "rKWATU01v",
          "checksum": "22cd9ad26c09191f9092edb7fa2635c9"
        },
        {
          "type": "image",
          "assetId": "MHljOX6A_",
          "checksum": "59bd55dd74897a25ee4a181eda910b8e"
        },
        {
          "type": "image",
          "assetId": "bJOmRfQED",
          "checksum": "408c392b301ad06626d6df867b4bd329"
        },
        {
          "type": "image",
          "assetId": "M4S2n0kng",
          "checksum": "fc8ab3a59e9739256d08a7219770f96f"
        },
        {
          "type": "renderModule",
          "assetId": "dyqMpGltdR3",
          "checksum": "3b1eedf8b84d88cd30752ba8f535e5af"
        },
        {
          "type": "cssRules",
          "assetId": "dyqMpGltdR3",
          "checksum": "3b1eedf8b84d88cd30752ba8f535e5af"
        },
        {
          "type": "renderModule",
          "assetId": "6mELIlZc-b",
          "checksum": "6481b0c068904e7416968750bce1f725"
        },
        {
          "type": "cssRules",
          "assetId": "6mELIlZc-b",
          "checksum": "6481b0c068904e7416968750bce1f725"
        },
        {
          "type": "renderModule",
          "assetId": "NLp0vyHVOW",
          "checksum": "325d86d0e8f4ce3eca3a191049207e58"
        },
        {
          "type": "cssRules",
          "assetId": "NLp0vyHVOW",
          "checksum": "325d86d0e8f4ce3eca3a191049207e58"
        },
        {
          "type": "renderModule",
          "assetId": "95iARoofeE",
          "checksum": "96c44bdebc89c9d4673248d4306cd863"
        },
        {
          "type": "cssRules",
          "assetId": "95iARoofeE",
          "checksum": "96c44bdebc89c9d4673248d4306cd863"
        },
        {
          "type": "image",
          "assetId": "uZSYDO9tL",
          "checksum": "0e1321871ce2dcff71dc29f0d3b513dc"
        },
        {
          "type": "image",
          "assetId": "Cu9qZ--EL",
          "checksum": "52232f73e6e47a3393259f4a7644978d"
        },
        {
          "type": "image",
          "assetId": "vq2AEAYf8",
          "checksum": "a706e122b76d0434591b84302194644f"
        },
        {
          "type": "image",
          "assetId": "3iJHvygaF",
          "checksum": "f3f03831633ea2e495484206ad7cb251"
        },
        {
          "type": "image",
          "assetId": "b-KI9Iv-F",
          "checksum": "a36d18d57d004f11e57ea1d60eb1f7da"
        },
        {
          "type": "image",
          "assetId": "YNwfkOb3m",
          "checksum": "df20530f1614340b7617ac98525de39e"
        },
        {
          "type": "image",
          "assetId": "aR9sbfijn",
          "checksum": "542599174e93a2ba2da63a61df039e06"
        },
        {
          "type": "image",
          "assetId": "Bo0LqjFW_",
          "checksum": "16f4e7333c1f82d1b0b76be99b706007"
        },
        {
          "type": "image",
          "assetId": "XRINaTUsf",
          "checksum": "9600caf1e909e5bc0874d97ea4958831"
        },
        {
          "type": "renderModule",
          "assetId": "_Yie3ivvsh",
          "checksum": "6c861b831104b56845baf36192af0dee"
        },
        {
          "type": "cssRules",
          "assetId": "_Yie3ivvsh",
          "checksum": "6c861b831104b56845baf36192af0dee"
        },
        {
          "type": "renderModule",
          "assetId": "tjz-vApnh_",
          "checksum": "0c9640a1ef5fe074e4d35f73cf0060fc"
        },
        {
          "type": "cssRules",
          "assetId": "tjz-vApnh_",
          "checksum": "0c9640a1ef5fe074e4d35f73cf0060fc"
        },
        {
          "type": "image",
          "assetId": "zjJzgcTKlV",
          "checksum": "96db45447e102d57cec5900a1f56db80"
        },
        {
          "type": "renderModule",
          "assetId": "4Tj1PFl3Qc",
          "checksum": "b878f9d9461d170460e2ef634af3c606"
        },
        {
          "type": "cssRules",
          "assetId": "4Tj1PFl3Qc",
          "checksum": "b878f9d9461d170460e2ef634af3c606"
        },
        {
          "type": "image",
          "assetId": "OfywMeMmH",
          "checksum": "42d077b0a9a8232bc8ead18d1b21bf94"
        },
        {
          "type": "image",
          "assetId": "4Szn0pac5",
          "checksum": "f699629221b8c878164bda61ab9e08a1"
        },
        {
          "type": "image",
          "assetId": "18R2IYaTE",
          "checksum": "5fa6dd71713b0cc6fbcf7d0f7a97bb1f"
        },
        {
          "assetId": "4wuR6djweT7vAchr7evKHM",
          "type": "projectCss",
          "checksum": "fd4105709185347c911ef3a6115a86fa"
        }
      ],
      "codegenVersion": "0.0.1"
    },
    {
      "projectId": "caTPwKxj5ZrD9LQ7DMdK4Z",
      "version": "2.2.1",
      "dependencies": {},
      "lang": "js",
      "fileLocks": [
        {
          "type": "globalVariant",
          "assetId": "q2e6W8ulGYz",
          "checksum": "c0cddb7dd09c65236628d522d52af1a3"
        },
        {
          "assetId": "caTPwKxj5ZrD9LQ7DMdK4Z",
          "type": "projectCss",
          "checksum": "d6a43863a84e3fba8cecc0da82756ed7"
        }
      ],
      "codegenVersion": "0.0.1"
    }
  ],
  "cliVersion": "0.1.171"
}
