{
  "projects": [
    {
      "projectId": "4wuR6djweT7vAchr7evKHM",
      "version": "latest",
      "dependencies": {},
      "lang": "js",
      "fileLocks": [
        {
          "type": "globalVariant",
          "assetId": "Ni-CroJ2mX1",
          "checksum": "114f75c6a819fab129771f24779dab05"
        },
        {
          "type": "renderModule",
          "assetId": "gMJdaty2uR",
          "checksum": "f98fe5179143fa908ee32adf981a0e0a"
        },
        {
          "type": "cssRules",
          "assetId": "gMJdaty2uR",
          "checksum": "f98fe5179143fa908ee32adf981a0e0a"
        },
        {
          "type": "renderModule",
          "assetId": "DBwkQoA9lx",
          "checksum": "88167a440e3f72f23c2823ce41a722fb"
        },
        {
          "type": "cssRules",
          "assetId": "DBwkQoA9lx",
          "checksum": "88167a440e3f72f23c2823ce41a722fb"
        },
        {
          "type": "renderModule",
          "assetId": "zoVuEjclQYu",
          "checksum": "22603f3af9eadbbd126da1eb3b63e79f"
        },
        {
          "type": "cssRules",
          "assetId": "zoVuEjclQYu",
          "checksum": "22603f3af9eadbbd126da1eb3b63e79f"
        },
        {
          "type": "icon",
          "assetId": "jDgJpgLRtKe",
          "checksum": "da93118d3ad2b03a629344a58b2cfff3"
        },
        {
          "type": "icon",
          "assetId": "MpVavnGhqJz",
          "checksum": "f5134e6e96dbeb5bb700e3462ca01e38"
        },
        {
          "type": "icon",
          "assetId": "r24BLGAZrIL",
          "checksum": "ed217592dc27fd58c205d0067edb2d2e"
        },
        {
          "type": "icon",
          "assetId": "yvYX_C0m_5y",
          "checksum": "7e6f109de4b144dc69a616b49ffa6b22"
        },
        {
          "type": "image",
          "assetId": "UvdDI0cZF1S",
          "checksum": "65a0b6c9d826017a3fe4569e9484c48b"
        },
        {
          "type": "image",
          "assetId": "-LYwI6-ft",
          "checksum": "0c1942b0a1efde5aaad0114b89aeb9d2"
        },
        {
          "assetId": "4wuR6djweT7vAchr7evKHM",
          "type": "projectCss",
          "checksum": "76067bdbe0df77484018fb7d5884983e"
        },
        {
          "type": "image",
          "assetId": "Cpo9VQxn3",
          "checksum": "9ea984d7131d94a98d204bdb6c7025b7"
        },
        {
          "type": "image",
          "assetId": "uGSYJdva9",
          "checksum": "50c31276a2f5140cd9a1976c215e2bb1"
        }
      ],
      "codegenVersion": "0.0.1"
    }
  ],
  "cliVersion": "0.1.171"
}
